
Microsoft Visual Studio Solution File, Format Version 12.00
# Visual Studio Version 17
VisualStudioVersion = 17.3.32819.101
MinimumVisualStudioVersion = 10.0.40219.1
Project("{FAE04EC0-301F-11D3-BF4B-00C04F79EFBC}") = "NiceHashRestClient", "src\NiceHashRestClient\NiceHashRestClient.csproj", "{106CA40A-D8CE-46FE-A702-FF6A95E6F30E}"
EndProject
Project("{2150E333-8FDC-42A3-9474-1A3956D46DE8}") = "Solution Items", "Solution Items", "{E51AE4D2-9859-4785-9223-5B00CECBC839}"
	ProjectSection(SolutionItems) = preProject
		README.md = README.md
	EndProjectSection
EndProject
Project("{FAE04EC0-301F-11D3-BF4B-00C04F79EFBC}") = "Example", "example\Example\Example.csproj", "{C1970AE9-D016-493E-8B2F-57C37E0A894B}"
EndProject
Global
	GlobalSection(SolutionConfigurationPlatforms) = preSolution
		Debug|Any CPU = Debug|Any CPU
		Release|Any CPU = Release|Any CPU
	EndGlobalSection
	GlobalSection(ProjectConfigurationPlatforms) = postSolution
		{106CA40A-D8CE-46FE-A702-FF6A95E6F30E}.Debug|Any CPU.ActiveCfg = Debug|Any CPU
		{106CA40A-D8CE-46FE-A702-FF6A95E6F30E}.Debug|Any CPU.Build.0 = Debug|Any CPU
		{106CA40A-D8CE-46FE-A702-FF6A95E6F30E}.Release|Any CPU.ActiveCfg = Release|Any CPU
		{106CA40A-D8CE-46FE-A702-FF6A95E6F30E}.Release|Any CPU.Build.0 = Release|Any CPU
		{C1970AE9-D016-493E-8B2F-57C37E0A894B}.Debug|Any CPU.ActiveCfg = Debug|Any CPU
		{C1970AE9-D016-493E-8B2F-57C37E0A894B}.Debug|Any CPU.Build.0 = Debug|Any CPU
		{C1970AE9-D016-493E-8B2F-57C37E0A894B}.Release|Any CPU.ActiveCfg = Release|Any CPU
		{C1970AE9-D016-493E-8B2F-57C37E0A894B}.Release|Any CPU.Build.0 = Release|Any CPU
	EndGlobalSection
	GlobalSection(SolutionProperties) = preSolution
		HideSolutionNode = FALSE
	EndGlobalSection
	GlobalSection(ExtensibilityGlobals) = postSolution
		SolutionGuid = {0116187A-CE33-4EED-BE71-94E37B672116}
	EndGlobalSection
EndGlobal
